# THIS IS AN AUTOGENERATED FILE. DO NOT EDIT THIS FILE DIRECTLY.
# yarn lockfile v1


"@dword-design/test2@^1.0.0":
  version "1.0.1"
  resolved "https://registry.yarnpkg.com/@dword-design/test2/-/test2-1.0.1.tgz#d9ed6c4883ba0b48522351ce185e829587b3e121"
  integrity sha512-shWTxYGKfUEnfoOA7CjTF5rPudnak4eJR8mi7zcV7+vbDlGFDQfACNFRUeTPUQ6TCEdCOmuFPsWT8F7Jl2gSdA==

"@dword-design/test@^2.0.7":
  version "2.0.7"
  resolved "https://registry.yarnpkg.com/@dword-design/test/-/test-2.0.7.tgz#6d71e818d23b94759be445e2e6581dbe9f036231"
  integrity sha512-yC5lvDN86+oExUZKOUa2L5duNLsFRpYcU4eEHiAmkSErG+NtkRrd1xqRXBrJnNS4Sd/Fo47gwUPIscicTX06/Q==
  dependencies:
    "@dword-design/test2" "^1.0.0"
    axios "^0.21.0"

axios@^0.21.0:
  version "0.21.1"
  resolved "https://registry.yarnpkg.com/axios/-/axios-0.21.1.tgz#22563481962f4d6bde9a76d516ef0e5d3c09b2b8"
  integrity sha512-dKQiRHxGD9PPRIUNIWvZhPTPpl1rf/OxTYKsqKUDjBwYylTvV7SjSHJb9ratfyzM6wCdLCOYLzs73qpg5c4iGA==
  dependencies:
    follow-redirects "^1.10.0"

follow-redirects@^1.10.0:
  version "1.13.3"
  resolved "https://registry.yarnpkg.com/follow-redirects/-/follow-redirects-1.13.3.tgz#e5598ad50174c1bc4e872301e82ac2cd97f90267"
  integrity sha512-DUgl6+HDzB0iEptNQEXLx/KhTmDb8tZUHSeLqpnjpknR70H0nC2t9N73BK6fN4hOvJ84pKlIQVQ4k5FFlBedKA==

rx@^4.1.0:
  version "4.1.0"
  resolved "https://registry.yarnpkg.com/rx/-/rx-4.1.0.tgz#a5f13ff79ef3b740fe30aa803fb09f98805d4782"
  integrity sha1-pfE/957zt0D+MKqAP7CfmIBdR4I=

rxify-class@^1.0.8:
  version "1.0.8"
  resolved "https://registry.yarnpkg.com/rxify-class/-/rxify-class-1.0.8.tgz#9f6b4557b24c7a2fdbf71d8d643768f865192b58"
  integrity sha512-4Tp9TDcsyRqaLZetd7HroNJZBuq6trt5HYc2Ng7TRqCDD2qQW74aF/0FRWZDQV5PsYb1VjD+oHdQua5hHQM1aQ==
  dependencies:
    rx "^4.1.0"
