# THIS IS AN AUTOGENERATED FILE. DO NOT EDIT THIS FILE DIRECTLY.
# yarn lockfile v1


"@dword-design/test2@^1.0.0":
  version "1.0.1"
  resolved "https://registry.yarnpkg.com/@dword-design/test2/-/test2-1.0.1.tgz#d9ed6c4883ba0b48522351ce185e829587b3e121"
  integrity sha512-shWTxYGKfUEnfoOA7CjTF5rPudnak4eJR8mi7zcV7+vbDlGFDQfACNFRUeTPUQ6TCEdCOmuFPsWT8F7Jl2gSdA==

"@dword-design/test@^2.0.0":
  version "2.0.0"
  resolved "https://registry.yarnpkg.com/@dword-design/test/-/test-2.0.0.tgz#24975884f73dbca1969e69d49453b242eb70c786"
  integrity sha512-RufsS51vojQqyhZIVwNRQnaoug+NQEk9F8olflRdzaD2XqJhS5nov+5LHU0km/Zcl6Aowg9auI1uzIQkpJd72w==
  dependencies:
    "@dword-design/test2" "^1.0.0"
    axios "^0.19.0"

axios@^0.19.0:
  version "0.19.2"
  resolved "https://registry.yarnpkg.com/axios/-/axios-0.19.2.tgz#3ea36c5d8818d0d5f8a8a97a6d36b86cdc00cb27"
  integrity sha512-fjgm5MvRHLhx+osE2xoekY70AhARk3a6hkN+3Io1jc00jtquGvxYlKlsFUhmUET0V5te6CcZI7lcv2Ym61mjHA==
  dependencies:
    follow-redirects "1.5.10"

debug@=3.1.0:
  version "3.1.0"
  resolved "https://registry.yarnpkg.com/debug/-/debug-3.1.0.tgz#5bb5a0672628b64149566ba16819e61518c67261"
  integrity sha512-OX8XqP7/1a9cqkxYw2yXss15f26NKWBpDXQd0/uK/KPqdQhxbPa994hnzjcE2VqQpDslf55723cKPUOGSmMY3g==
  dependencies:
    ms "2.0.0"

follow-redirects@1.5.10:
  version "1.5.10"
  resolved "https://registry.yarnpkg.com/follow-redirects/-/follow-redirects-1.5.10.tgz#7b7a9f9aea2fdff36786a94ff643ed07f4ff5e2a"
  integrity sha512-0V5l4Cizzvqt5D44aTXbFZz+FtyXV1vrDN6qrelxtfYQKW0KO0W2T/hkE8xvGa/540LkZlkaUjO4ailYTFtHVQ==
  dependencies:
    debug "=3.1.0"

ms@2.0.0:
  version "2.0.0"
  resolved "https://registry.yarnpkg.com/ms/-/ms-2.0.0.tgz#5608aeadfc00be6c2901df5f9861788de0d597c8"
  integrity sha1-VgiurfwAvmwpAd9fmGF4jeDVl8g=

rx@^4.1.0:
  version "4.1.0"
  resolved "https://registry.yarnpkg.com/rx/-/rx-4.1.0.tgz#a5f13ff79ef3b740fe30aa803fb09f98805d4782"
  integrity sha1-pfE/957zt0D+MKqAP7CfmIBdR4I=

rxify-class@^1.0.8:
  version "1.0.8"
  resolved "https://registry.yarnpkg.com/rxify-class/-/rxify-class-1.0.8.tgz#9f6b4557b24c7a2fdbf71d8d643768f865192b58"
  integrity sha512-4Tp9TDcsyRqaLZetd7HroNJZBuq6trt5HYc2Ng7TRqCDD2qQW74aF/0FRWZDQV5PsYb1VjD+oHdQua5hHQM1aQ==
  dependencies:
    rx "^4.1.0"
